
Microsoft Visual Studio Solution File, Format Version 12.00
# Visual Studio Version 17
VisualStudioVersion = 17.2.32616.157
MinimumVisualStudioVersion = 10.0.40219.1
Project("{FAE04EC0-301F-11D3-BF4B-00C04F79EFBC}") = "ConsoleApp1101", "ConsoleApp1101\ConsoleApp1101.csproj", "{5308E30C-B918-46C3-9B00-508B4E6AFDD2}"
EndProject
Global
	GlobalSection(SolutionConfigurationPlatforms) = preSolution
		Debug|Any CPU = Debug|Any CPU
		Release|Any CPU = Release|Any CPU
	EndGlobalSection
	GlobalSection(ProjectConfigurationPlatforms) = postSolution
		{5308E30C-B918-46C3-9B00-508B4E6AFDD2}.Debug|Any CPU.ActiveCfg = Debug|Any CPU
		{5308E30C-B918-46C3-9B00-508B4E6AFDD2}.Debug|Any CPU.Build.0 = Debug|Any CPU
		{5308E30C-B918-46C3-9B00-508B4E6AFDD2}.Release|Any CPU.ActiveCfg = Release|Any CPU
		{5308E30C-B918-46C3-9B00-508B4E6AFDD2}.Release|Any CPU.Build.0 = Release|Any CPU
	EndGlobalSection
	GlobalSection(SolutionProperties) = preSolution
		HideSolutionNode = FALSE
	EndGlobalSection
	GlobalSection(ExtensibilityGlobals) = postSolution
		SolutionGuid = {9A13625B-0D20-4E27-A86C-F07370130224}
	EndGlobalSection
EndGlobal
